
Microsoft Visual Studio Solution File, Format Version 12.00
# Visual Studio Version 17
VisualStudioVersion = 17.7.34018.315
MinimumVisualStudioVersion = 10.0.40219.1
Project("{8BC9CEB8-8B4A-11D0-8D11-00A0C91BC942}") = "quanLyThuVien", "quanLyThuVien\quanLyThuVien.vcxproj", "{BEE65AB1-6D35-4A91-986E-C07F6677EC25}"
EndProject
Global
	GlobalSection(SolutionConfigurationPlatforms) = preSolution
		Debug|x64 = Debug|x64
		Debug|x86 = Debug|x86
		Release|x64 = Release|x64
		Release|x86 = Release|x86
	EndGlobalSection
	GlobalSection(ProjectConfigurationPlatforms) = postSolution
		{BEE65AB1-6D35-4A91-986E-C07F6677EC25}.Debug|x64.ActiveCfg = Debug|x64
		{BEE65AB1-6D35-4A91-986E-C07F6677EC25}.Debug|x64.Build.0 = Debug|x64
		{BEE65AB1-6D35-4A91-986E-C07F6677EC25}.Debug|x86.ActiveCfg = Debug|Win32
		{BEE65AB1-6D35-4A91-986E-C07F6677EC25}.Debug|x86.Build.0 = Debug|Win32
		{BEE65AB1-6D35-4A91-986E-C07F6677EC25}.Release|x64.ActiveCfg = Release|x64
		{BEE65AB1-6D35-4A91-986E-C07F6677EC25}.Release|x64.Build.0 = Release|x64
		{BEE65AB1-6D35-4A91-986E-C07F6677EC25}.Release|x86.ActiveCfg = Release|Win32
		{BEE65AB1-6D35-4A91-986E-C07F6677EC25}.Release|x86.Build.0 = Release|Win32
	EndGlobalSection
	GlobalSection(SolutionProperties) = preSolution
		HideSolutionNode = FALSE
	EndGlobalSection
	GlobalSection(ExtensibilityGlobals) = postSolution
		SolutionGuid = {48C763EC-D656-4AEE-A6E8-0890F1CBF78F}
	EndGlobalSection
EndGlobal
